
Microsoft Visual Studio Solution File, Format Version 12.00
# Visual Studio Version 17
VisualStudioVersion = 17.9.34622.214
MinimumVisualStudioVersion = 10.0.40219.1
Project("{FAE04EC0-301F-11D3-BF4B-00C04F79EFBC}") = "SloppyJoe", "SloppyJoe\SloppyJoe.csproj", "{4E2E37D8-A2A0-415C-9F23-48E3171FA7CA}"
EndProject
Global
	GlobalSection(SolutionConfigurationPlatforms) = preSolution
		Debug|Any CPU = Debug|Any CPU
		Release|Any CPU = Release|Any CPU
	EndGlobalSection
	GlobalSection(ProjectConfigurationPlatforms) = postSolution
		{4E2E37D8-A2A0-415C-9F23-48E3171FA7CA}.Debug|Any CPU.ActiveCfg = Debug|Any CPU
		{4E2E37D8-A2A0-415C-9F23-48E3171FA7CA}.Debug|Any CPU.Build.0 = Debug|Any CPU
		{4E2E37D8-A2A0-415C-9F23-48E3171FA7CA}.Debug|Any CPU.Deploy.0 = Debug|Any CPU
		{4E2E37D8-A2A0-415C-9F23-48E3171FA7CA}.Release|Any CPU.ActiveCfg = Release|Any CPU
		{4E2E37D8-A2A0-415C-9F23-48E3171FA7CA}.Release|Any CPU.Build.0 = Release|Any CPU
		{4E2E37D8-A2A0-415C-9F23-48E3171FA7CA}.Release|Any CPU.Deploy.0 = Release|Any CPU
	EndGlobalSection
	GlobalSection(SolutionProperties) = preSolution
		HideSolutionNode = FALSE
	EndGlobalSection
	GlobalSection(ExtensibilityGlobals) = postSolution
		SolutionGuid = {ADC01242-7FAC-4033-B9C6-0A9EDCF8018F}
	EndGlobalSection
EndGlobal
