
Microsoft Visual Studio Solution File, Format Version 12.00
# Visual Studio Version 17
VisualStudioVersion = 17.9.34622.214
MinimumVisualStudioVersion = 10.0.40219.1
Project("{FAE04EC0-301F-11D3-BF4B-00C04F79EFBC}") = "PoolPuzzle", "PoolPuzzle\PoolPuzzle.csproj", "{36DCC23F-86E6-40C3-ACB9-A47B905C011A}"
EndProject
Global
	GlobalSection(SolutionConfigurationPlatforms) = preSolution
		Debug|Any CPU = Debug|Any CPU
		Release|Any CPU = Release|Any CPU
	EndGlobalSection
	GlobalSection(ProjectConfigurationPlatforms) = postSolution
		{36DCC23F-86E6-40C3-ACB9-A47B905C011A}.Debug|Any CPU.ActiveCfg = Debug|Any CPU
		{36DCC23F-86E6-40C3-ACB9-A47B905C011A}.Debug|Any CPU.Build.0 = Debug|Any CPU
		{36DCC23F-86E6-40C3-ACB9-A47B905C011A}.Release|Any CPU.ActiveCfg = Release|Any CPU
		{36DCC23F-86E6-40C3-ACB9-A47B905C011A}.Release|Any CPU.Build.0 = Release|Any CPU
	EndGlobalSection
	GlobalSection(SolutionProperties) = preSolution
		HideSolutionNode = FALSE
	EndGlobalSection
	GlobalSection(ExtensibilityGlobals) = postSolution
		SolutionGuid = {19DF2E2D-2293-473B-8757-89AE8A1D4224}
	EndGlobalSection
EndGlobal
