
Microsoft Visual Studio Solution File, Format Version 12.00
# Visual Studio Version 17
VisualStudioVersion = 17.10.34916.146
MinimumVisualStudioVersion = 10.0.40219.1
Project("{FAE04EC0-301F-11D3-BF4B-00C04F79EFBC}") = "Use_StreamWriter_to_Read_a_File", "Use_StreamWriter_to_Read_a_File\Use_StreamWriter_to_Read_a_File.csproj", "{1F0BF62A-A203-4B6C-A799-A59D893E8248}"
EndProject
Global
	GlobalSection(SolutionConfigurationPlatforms) = preSolution
		Debug|Any CPU = Debug|Any CPU
		Release|Any CPU = Release|Any CPU
	EndGlobalSection
	GlobalSection(ProjectConfigurationPlatforms) = postSolution
		{1F0BF62A-A203-4B6C-A799-A59D893E8248}.Debug|Any CPU.ActiveCfg = Debug|Any CPU
		{1F0BF62A-A203-4B6C-A799-A59D893E8248}.Debug|Any CPU.Build.0 = Debug|Any CPU
		{1F0BF62A-A203-4B6C-A799-A59D893E8248}.Release|Any CPU.ActiveCfg = Release|Any CPU
		{1F0BF62A-A203-4B6C-A799-A59D893E8248}.Release|Any CPU.Build.0 = Release|Any CPU
	EndGlobalSection
	GlobalSection(SolutionProperties) = preSolution
		HideSolutionNode = FALSE
	EndGlobalSection
	GlobalSection(ExtensibilityGlobals) = postSolution
		SolutionGuid = {F899358E-3CEE-4788-A7EF-59DD3107796A}
	EndGlobalSection
EndGlobal
