
Microsoft Visual Studio Solution File, Format Version 12.00
# Visual Studio Version 17
VisualStudioVersion = 17.9.34622.214
MinimumVisualStudioVersion = 10.0.40219.1
Project("{FAE04EC0-301F-11D3-BF4B-00C04F79EFBC}") = "EncapsulationIsNotSecurity", "EncapsulationIsNotSecurity\EncapsulationIsNotSecurity.csproj", "{02E4C1F5-B57D-4F8A-87E0-294F704B07F8}"
EndProject
Global
	GlobalSection(SolutionConfigurationPlatforms) = preSolution
		Debug|Any CPU = Debug|Any CPU
		Release|Any CPU = Release|Any CPU
	EndGlobalSection
	GlobalSection(ProjectConfigurationPlatforms) = postSolution
		{02E4C1F5-B57D-4F8A-87E0-294F704B07F8}.Debug|Any CPU.ActiveCfg = Debug|Any CPU
		{02E4C1F5-B57D-4F8A-87E0-294F704B07F8}.Debug|Any CPU.Build.0 = Debug|Any CPU
		{02E4C1F5-B57D-4F8A-87E0-294F704B07F8}.Release|Any CPU.ActiveCfg = Release|Any CPU
		{02E4C1F5-B57D-4F8A-87E0-294F704B07F8}.Release|Any CPU.Build.0 = Release|Any CPU
	EndGlobalSection
	GlobalSection(SolutionProperties) = preSolution
		HideSolutionNode = FALSE
	EndGlobalSection
	GlobalSection(ExtensibilityGlobals) = postSolution
		SolutionGuid = {FBE9785C-CD26-4527-8D80-461D8051E873}
	EndGlobalSection
EndGlobal
