
Microsoft Visual Studio Solution File, Format Version 12.00
# Visual Studio Version 17
VisualStudioVersion = 17.10.34916.146
MinimumVisualStudioVersion = 10.0.40219.1
Project("{FAE04EC0-301F-11D3-BF4B-00C04F79EFBC}") = "ListOfDucks", "ListOfDucks\ListOfDucks.csproj", "{6A23FC2C-901A-4039-97B1-4EEE2869BE40}"
EndProject
Global
	GlobalSection(SolutionConfigurationPlatforms) = preSolution
		Debug|Any CPU = Debug|Any CPU
		Release|Any CPU = Release|Any CPU
	EndGlobalSection
	GlobalSection(ProjectConfigurationPlatforms) = postSolution
		{6A23FC2C-901A-4039-97B1-4EEE2869BE40}.Debug|Any CPU.ActiveCfg = Debug|Any CPU
		{6A23FC2C-901A-4039-97B1-4EEE2869BE40}.Debug|Any CPU.Build.0 = Debug|Any CPU
		{6A23FC2C-901A-4039-97B1-4EEE2869BE40}.Release|Any CPU.ActiveCfg = Release|Any CPU
		{6A23FC2C-901A-4039-97B1-4EEE2869BE40}.Release|Any CPU.Build.0 = Release|Any CPU
	EndGlobalSection
	GlobalSection(SolutionProperties) = preSolution
		HideSolutionNode = FALSE
	EndGlobalSection
	GlobalSection(ExtensibilityGlobals) = postSolution
		SolutionGuid = {EAE95D5E-B221-4BC5-8D58-8923BAB9DDC4}
	EndGlobalSection
EndGlobal
