
Microsoft Visual Studio Solution File, Format Version 12.00
# Visual Studio Version 17
VisualStudioVersion = 17.10.34916.146
MinimumVisualStudioVersion = 10.0.40219.1
Project("{FAE04EC0-301F-11D3-BF4B-00C04F79EFBC}") = "Lumberjacks", "Lumberjacks\Lumberjacks.csproj", "{235A5720-058A-4855-A345-EE43B43CA8EE}"
EndProject
Global
	GlobalSection(SolutionConfigurationPlatforms) = preSolution
		Debug|Any CPU = Debug|Any CPU
		Release|Any CPU = Release|Any CPU
	EndGlobalSection
	GlobalSection(ProjectConfigurationPlatforms) = postSolution
		{235A5720-058A-4855-A345-EE43B43CA8EE}.Debug|Any CPU.ActiveCfg = Debug|Any CPU
		{235A5720-058A-4855-A345-EE43B43CA8EE}.Debug|Any CPU.Build.0 = Debug|Any CPU
		{235A5720-058A-4855-A345-EE43B43CA8EE}.Release|Any CPU.ActiveCfg = Release|Any CPU
		{235A5720-058A-4855-A345-EE43B43CA8EE}.Release|Any CPU.Build.0 = Release|Any CPU
	EndGlobalSection
	GlobalSection(SolutionProperties) = preSolution
		HideSolutionNode = FALSE
	EndGlobalSection
	GlobalSection(ExtensibilityGlobals) = postSolution
		SolutionGuid = {D4EB7E67-F4E2-4484-BA50-BCB80F457FC2}
	EndGlobalSection
EndGlobal
