
Microsoft Visual Studio Solution File, Format Version 12.00
# Visual Studio Version 17
VisualStudioVersion = 17.10.34916.146
MinimumVisualStudioVersion = 10.0.40219.1
Project("{FAE04EC0-301F-11D3-BF4B-00C04F79EFBC}") = "Lumberjacks", "Lumberjacks\Lumberjacks.csproj", "{B5AF1C75-4AD2-43B1-84C2-D3D5985713F0}"
EndProject
Global
	GlobalSection(SolutionConfigurationPlatforms) = preSolution
		Debug|Any CPU = Debug|Any CPU
		Release|Any CPU = Release|Any CPU
	EndGlobalSection
	GlobalSection(ProjectConfigurationPlatforms) = postSolution
		{B5AF1C75-4AD2-43B1-84C2-D3D5985713F0}.Debug|Any CPU.ActiveCfg = Debug|Any CPU
		{B5AF1C75-4AD2-43B1-84C2-D3D5985713F0}.Debug|Any CPU.Build.0 = Debug|Any CPU
		{B5AF1C75-4AD2-43B1-84C2-D3D5985713F0}.Release|Any CPU.ActiveCfg = Release|Any CPU
		{B5AF1C75-4AD2-43B1-84C2-D3D5985713F0}.Release|Any CPU.Build.0 = Release|Any CPU
	EndGlobalSection
	GlobalSection(SolutionProperties) = preSolution
		HideSolutionNode = FALSE
	EndGlobalSection
	GlobalSection(ExtensibilityGlobals) = postSolution
		SolutionGuid = {168FA4BA-2ABE-4692-88C7-4C145E5F60A2}
	EndGlobalSection
EndGlobal
