
Microsoft Visual Studio Solution File, Format Version 12.00
# Visual Studio Version 17
VisualStudioVersion = 17.9.34622.214
MinimumVisualStudioVersion = 10.0.40219.1
Project("{FAE04EC0-301F-11D3-BF4B-00C04F79EFBC}") = "Animals", "Animals\Animals.csproj", "{BCBBCC07-F328-4F07-A142-6C0C90949939}"
EndProject
Global
	GlobalSection(SolutionConfigurationPlatforms) = preSolution
		Debug|Any CPU = Debug|Any CPU
		Release|Any CPU = Release|Any CPU
	EndGlobalSection
	GlobalSection(ProjectConfigurationPlatforms) = postSolution
		{BCBBCC07-F328-4F07-A142-6C0C90949939}.Debug|Any CPU.ActiveCfg = Debug|Any CPU
		{BCBBCC07-F328-4F07-A142-6C0C90949939}.Debug|Any CPU.Build.0 = Debug|Any CPU
		{BCBBCC07-F328-4F07-A142-6C0C90949939}.Release|Any CPU.ActiveCfg = Release|Any CPU
		{BCBBCC07-F328-4F07-A142-6C0C90949939}.Release|Any CPU.Build.0 = Release|Any CPU
	EndGlobalSection
	GlobalSection(SolutionProperties) = preSolution
		HideSolutionNode = FALSE
	EndGlobalSection
	GlobalSection(ExtensibilityGlobals) = postSolution
		SolutionGuid = {B935E4E9-CFEB-421E-894B-43A131833CFB}
	EndGlobalSection
EndGlobal
