
Microsoft Visual Studio Solution File, Format Version 12.00
# Visual Studio Version 17
VisualStudioVersion = 17.9.34622.214
MinimumVisualStudioVersion = 10.0.40219.1
Project("{FAE04EC0-301F-11D3-BF4B-00C04F79EFBC}") = "VendingMachineOverride", "VendingMachineOverride\VendingMachineOverride.csproj", "{F8FE6ADC-B7DC-45D0-9A87-3C7499B6258E}"
EndProject
Global
	GlobalSection(SolutionConfigurationPlatforms) = preSolution
		Debug|Any CPU = Debug|Any CPU
		Release|Any CPU = Release|Any CPU
	EndGlobalSection
	GlobalSection(ProjectConfigurationPlatforms) = postSolution
		{F8FE6ADC-B7DC-45D0-9A87-3C7499B6258E}.Debug|Any CPU.ActiveCfg = Debug|Any CPU
		{F8FE6ADC-B7DC-45D0-9A87-3C7499B6258E}.Debug|Any CPU.Build.0 = Debug|Any CPU
		{F8FE6ADC-B7DC-45D0-9A87-3C7499B6258E}.Release|Any CPU.ActiveCfg = Release|Any CPU
		{F8FE6ADC-B7DC-45D0-9A87-3C7499B6258E}.Release|Any CPU.Build.0 = Release|Any CPU
	EndGlobalSection
	GlobalSection(SolutionProperties) = preSolution
		HideSolutionNode = FALSE
	EndGlobalSection
	GlobalSection(ExtensibilityGlobals) = postSolution
		SolutionGuid = {7DE4DE33-7503-4CFF-9128-19C407660A2D}
	EndGlobalSection
EndGlobal
