
Microsoft Visual Studio Solution File, Format Version 12.00
# Visual Studio Version 17
VisualStudioVersion = 17.10.34916.146
MinimumVisualStudioVersion = 10.0.40219.1
Project("{FAE04EC0-301F-11D3-BF4B-00C04F79EFBC}") = "VendingMachineOverride", "VendingMachineOverride\VendingMachineOverride.csproj", "{3B0FB3F7-073E-456C-85BE-4000357E8588}"
EndProject
Global
	GlobalSection(SolutionConfigurationPlatforms) = preSolution
		Debug|Any CPU = Debug|Any CPU
		Release|Any CPU = Release|Any CPU
	EndGlobalSection
	GlobalSection(ProjectConfigurationPlatforms) = postSolution
		{3B0FB3F7-073E-456C-85BE-4000357E8588}.Debug|Any CPU.ActiveCfg = Debug|Any CPU
		{3B0FB3F7-073E-456C-85BE-4000357E8588}.Debug|Any CPU.Build.0 = Debug|Any CPU
		{3B0FB3F7-073E-456C-85BE-4000357E8588}.Release|Any CPU.ActiveCfg = Release|Any CPU
		{3B0FB3F7-073E-456C-85BE-4000357E8588}.Release|Any CPU.Build.0 = Release|Any CPU
	EndGlobalSection
	GlobalSection(SolutionProperties) = preSolution
		HideSolutionNode = FALSE
	EndGlobalSection
	GlobalSection(ExtensibilityGlobals) = postSolution
		SolutionGuid = {B3AC954E-7B60-4825-9061-E8DB1C0AA0E5}
	EndGlobalSection
EndGlobal
