
Microsoft Visual Studio Solution File, Format Version 12.00
# Visual Studio Version 17
VisualStudioVersion = 17.9.34622.214
MinimumVisualStudioVersion = 10.0.40219.1
Project("{FAE04EC0-301F-11D3-BF4B-00C04F79EFBC}") = "PaintballGun", "PaintballGun\PaintballGun.csproj", "{B717D637-D863-4C4E-809C-3FA11F756CA6}"
EndProject
Global
	GlobalSection(SolutionConfigurationPlatforms) = preSolution
		Debug|Any CPU = Debug|Any CPU
		Release|Any CPU = Release|Any CPU
	EndGlobalSection
	GlobalSection(ProjectConfigurationPlatforms) = postSolution
		{B717D637-D863-4C4E-809C-3FA11F756CA6}.Debug|Any CPU.ActiveCfg = Debug|Any CPU
		{B717D637-D863-4C4E-809C-3FA11F756CA6}.Debug|Any CPU.Build.0 = Debug|Any CPU
		{B717D637-D863-4C4E-809C-3FA11F756CA6}.Release|Any CPU.ActiveCfg = Release|Any CPU
		{B717D637-D863-4C4E-809C-3FA11F756CA6}.Release|Any CPU.Build.0 = Release|Any CPU
	EndGlobalSection
	GlobalSection(SolutionProperties) = preSolution
		HideSolutionNode = FALSE
	EndGlobalSection
	GlobalSection(ExtensibilityGlobals) = postSolution
		SolutionGuid = {D746D704-1947-415D-BF29-ABEECA5990E4}
	EndGlobalSection
EndGlobal
