
Microsoft Visual Studio Solution File, Format Version 12.00
# Visual Studio Version 17
VisualStudioVersion = 17.10.34916.146
MinimumVisualStudioVersion = 10.0.40219.1
Project("{FAE04EC0-301F-11D3-BF4B-00C04F79EFBC}") = "PassByReference", "PassByReference\PassByReference.csproj", "{3FB885AA-FB6A-4F68-8DBE-2E54A3427B09}"
EndProject
Global
	GlobalSection(SolutionConfigurationPlatforms) = preSolution
		Debug|Any CPU = Debug|Any CPU
		Release|Any CPU = Release|Any CPU
	EndGlobalSection
	GlobalSection(ProjectConfigurationPlatforms) = postSolution
		{3FB885AA-FB6A-4F68-8DBE-2E54A3427B09}.Debug|Any CPU.ActiveCfg = Debug|Any CPU
		{3FB885AA-FB6A-4F68-8DBE-2E54A3427B09}.Debug|Any CPU.Build.0 = Debug|Any CPU
		{3FB885AA-FB6A-4F68-8DBE-2E54A3427B09}.Release|Any CPU.ActiveCfg = Release|Any CPU
		{3FB885AA-FB6A-4F68-8DBE-2E54A3427B09}.Release|Any CPU.Build.0 = Release|Any CPU
	EndGlobalSection
	GlobalSection(SolutionProperties) = preSolution
		HideSolutionNode = FALSE
	EndGlobalSection
	GlobalSection(ExtensibilityGlobals) = postSolution
		SolutionGuid = {687CF744-63AD-4537-B5CD-FACD0142AFCA}
	EndGlobalSection
EndGlobal
