
Microsoft Visual Studio Solution File, Format Version 12.00
# Visual Studio Version 17
VisualStudioVersion = 17.10.34916.146
MinimumVisualStudioVersion = 10.0.40219.1
Project("{FAE04EC0-301F-11D3-BF4B-00C04F79EFBC}") = "CodeMagnets", "CodeMagnets\CodeMagnets.csproj", "{9B76DAED-3D17-4EFF-B9EF-65D65404322B}"
EndProject
Global
	GlobalSection(SolutionConfigurationPlatforms) = preSolution
		Debug|Any CPU = Debug|Any CPU
		Release|Any CPU = Release|Any CPU
	EndGlobalSection
	GlobalSection(ProjectConfigurationPlatforms) = postSolution
		{9B76DAED-3D17-4EFF-B9EF-65D65404322B}.Debug|Any CPU.ActiveCfg = Debug|Any CPU
		{9B76DAED-3D17-4EFF-B9EF-65D65404322B}.Debug|Any CPU.Build.0 = Debug|Any CPU
		{9B76DAED-3D17-4EFF-B9EF-65D65404322B}.Release|Any CPU.ActiveCfg = Release|Any CPU
		{9B76DAED-3D17-4EFF-B9EF-65D65404322B}.Release|Any CPU.Build.0 = Release|Any CPU
	EndGlobalSection
	GlobalSection(SolutionProperties) = preSolution
		HideSolutionNode = FALSE
	EndGlobalSection
	GlobalSection(ExtensibilityGlobals) = postSolution
		SolutionGuid = {C16A6623-1412-434F-8E6C-0215F8ECAFFB}
	EndGlobalSection
EndGlobal
