
Microsoft Visual Studio Solution File, Format Version 12.00
# Visual Studio Version 17
VisualStudioVersion = 17.10.34916.146
MinimumVisualStudioVersion = 10.0.40219.1
Project("{FAE04EC0-301F-11D3-BF4B-00C04F79EFBC}") = "SerializeSomeObjects", "SerializeSomeObjects\SerializeSomeObjects.csproj", "{64535649-978C-4B1F-9CEB-C450D7D8E6FC}"
EndProject
Global
	GlobalSection(SolutionConfigurationPlatforms) = preSolution
		Debug|Any CPU = Debug|Any CPU
		Release|Any CPU = Release|Any CPU
	EndGlobalSection
	GlobalSection(ProjectConfigurationPlatforms) = postSolution
		{64535649-978C-4B1F-9CEB-C450D7D8E6FC}.Debug|Any CPU.ActiveCfg = Debug|Any CPU
		{64535649-978C-4B1F-9CEB-C450D7D8E6FC}.Debug|Any CPU.Build.0 = Debug|Any CPU
		{64535649-978C-4B1F-9CEB-C450D7D8E6FC}.Release|Any CPU.ActiveCfg = Release|Any CPU
		{64535649-978C-4B1F-9CEB-C450D7D8E6FC}.Release|Any CPU.Build.0 = Release|Any CPU
	EndGlobalSection
	GlobalSection(SolutionProperties) = preSolution
		HideSolutionNode = FALSE
	EndGlobalSection
	GlobalSection(ExtensibilityGlobals) = postSolution
		SolutionGuid = {4B650F5F-6765-4263-882A-818D7CDC9A7B}
	EndGlobalSection
EndGlobal
