
Microsoft Visual Studio Solution File, Format Version 12.00
# Visual Studio Version 17
VisualStudioVersion = 17.9.34622.214
MinimumVisualStudioVersion = 10.0.40219.1
Project("{FAE04EC0-301F-11D3-BF4B-00C04F79EFBC}") = "DamageCalculator", "DamageCalculator\DamageCalculator.csproj", "{1F838A17-DF6B-4A3F-BA4F-162A1AA2D3BB}"
EndProject
Global
	GlobalSection(SolutionConfigurationPlatforms) = preSolution
		Debug|Any CPU = Debug|Any CPU
		Release|Any CPU = Release|Any CPU
	EndGlobalSection
	GlobalSection(ProjectConfigurationPlatforms) = postSolution
		{1F838A17-DF6B-4A3F-BA4F-162A1AA2D3BB}.Debug|Any CPU.ActiveCfg = Debug|Any CPU
		{1F838A17-DF6B-4A3F-BA4F-162A1AA2D3BB}.Debug|Any CPU.Build.0 = Debug|Any CPU
		{1F838A17-DF6B-4A3F-BA4F-162A1AA2D3BB}.Release|Any CPU.ActiveCfg = Release|Any CPU
		{1F838A17-DF6B-4A3F-BA4F-162A1AA2D3BB}.Release|Any CPU.Build.0 = Release|Any CPU
	EndGlobalSection
	GlobalSection(SolutionProperties) = preSolution
		HideSolutionNode = FALSE
	EndGlobalSection
	GlobalSection(ExtensibilityGlobals) = postSolution
		SolutionGuid = {41C4F6E1-8592-4BDD-8D88-CA9663CBEF85}
	EndGlobalSection
EndGlobal
