
Microsoft Visual Studio Solution File, Format Version 12.00
# Visual Studio Version 17
VisualStudioVersion = 17.10.34916.146
MinimumVisualStudioVersion = 10.0.40219.1
Project("{FAE04EC0-301F-11D3-BF4B-00C04F79EFBC}") = "ExceptionMagnets", "ExceptionMagnets\ExceptionMagnets.csproj", "{E4658DCF-DF96-47C9-81FD-45FAE83991FD}"
EndProject
Global
	GlobalSection(SolutionConfigurationPlatforms) = preSolution
		Debug|Any CPU = Debug|Any CPU
		Release|Any CPU = Release|Any CPU
	EndGlobalSection
	GlobalSection(ProjectConfigurationPlatforms) = postSolution
		{E4658DCF-DF96-47C9-81FD-45FAE83991FD}.Debug|Any CPU.ActiveCfg = Debug|Any CPU
		{E4658DCF-DF96-47C9-81FD-45FAE83991FD}.Debug|Any CPU.Build.0 = Debug|Any CPU
		{E4658DCF-DF96-47C9-81FD-45FAE83991FD}.Release|Any CPU.ActiveCfg = Release|Any CPU
		{E4658DCF-DF96-47C9-81FD-45FAE83991FD}.Release|Any CPU.Build.0 = Release|Any CPU
	EndGlobalSection
	GlobalSection(SolutionProperties) = preSolution
		HideSolutionNode = FALSE
	EndGlobalSection
	GlobalSection(ExtensibilityGlobals) = postSolution
		SolutionGuid = {5136EB9F-3728-4B41-990C-3A80F521BB38}
	EndGlobalSection
EndGlobal
