
Microsoft Visual Studio Solution File, Format Version 12.00
# Visual Studio Version 17
VisualStudioVersion = 17.10.34916.146
MinimumVisualStudioVersion = 10.0.40219.1
Project("{FAE04EC0-301F-11D3-BF4B-00C04F79EFBC}") = "LINQ_works_with_objects", "LINQ_works_with_objects\LINQ_works_with_objects.csproj", "{915332B3-065C-4696-9DED-0DDAC22E3D4E}"
EndProject
Global
	GlobalSection(SolutionConfigurationPlatforms) = preSolution
		Debug|Any CPU = Debug|Any CPU
		Release|Any CPU = Release|Any CPU
	EndGlobalSection
	GlobalSection(ProjectConfigurationPlatforms) = postSolution
		{915332B3-065C-4696-9DED-0DDAC22E3D4E}.Debug|Any CPU.ActiveCfg = Debug|Any CPU
		{915332B3-065C-4696-9DED-0DDAC22E3D4E}.Debug|Any CPU.Build.0 = Debug|Any CPU
		{915332B3-065C-4696-9DED-0DDAC22E3D4E}.Release|Any CPU.ActiveCfg = Release|Any CPU
		{915332B3-065C-4696-9DED-0DDAC22E3D4E}.Release|Any CPU.Build.0 = Release|Any CPU
	EndGlobalSection
	GlobalSection(SolutionProperties) = preSolution
		HideSolutionNode = FALSE
	EndGlobalSection
	GlobalSection(ExtensibilityGlobals) = postSolution
		SolutionGuid = {B479E2A0-C8ED-435B-969F-1C631381B51A}
	EndGlobalSection
EndGlobal
