
Microsoft Visual Studio Solution File, Format Version 12.00
# Visual Studio Version 17
VisualStudioVersion = 17.10.34916.146
MinimumVisualStudioVersion = 10.0.40219.1
Project("{FAE04EC0-301F-11D3-BF4B-00C04F79EFBC}") = "CopyACollection", "CopyACollection\CopyACollection.csproj", "{FE24379A-6F29-4D29-A921-66821E8AB6F5}"
EndProject
Global
	GlobalSection(SolutionConfigurationPlatforms) = preSolution
		Debug|Any CPU = Debug|Any CPU
		Release|Any CPU = Release|Any CPU
	EndGlobalSection
	GlobalSection(ProjectConfigurationPlatforms) = postSolution
		{FE24379A-6F29-4D29-A921-66821E8AB6F5}.Debug|Any CPU.ActiveCfg = Debug|Any CPU
		{FE24379A-6F29-4D29-A921-66821E8AB6F5}.Debug|Any CPU.Build.0 = Debug|Any CPU
		{FE24379A-6F29-4D29-A921-66821E8AB6F5}.Release|Any CPU.ActiveCfg = Release|Any CPU
		{FE24379A-6F29-4D29-A921-66821E8AB6F5}.Release|Any CPU.Build.0 = Release|Any CPU
	EndGlobalSection
	GlobalSection(SolutionProperties) = preSolution
		HideSolutionNode = FALSE
	EndGlobalSection
	GlobalSection(ExtensibilityGlobals) = postSolution
		SolutionGuid = {DD563B7F-EEB8-4751-AE32-C222EA767C34}
	EndGlobalSection
EndGlobal
