
Microsoft Visual Studio Solution File, Format Version 12.00
# Visual Studio Version 17
VisualStudioVersion = 17.10.34916.146
MinimumVisualStudioVersion = 10.0.40219.1
Project("{FAE04EC0-301F-11D3-BF4B-00C04F79EFBC}") = "StreamWriter_Magnets", "StreamWriter_Magnets\StreamWriter_Magnets.csproj", "{FC7285B2-BACC-403A-9DB4-F7531A43242F}"
EndProject
Global
	GlobalSection(SolutionConfigurationPlatforms) = preSolution
		Debug|Any CPU = Debug|Any CPU
		Release|Any CPU = Release|Any CPU
	EndGlobalSection
	GlobalSection(ProjectConfigurationPlatforms) = postSolution
		{FC7285B2-BACC-403A-9DB4-F7531A43242F}.Debug|Any CPU.ActiveCfg = Debug|Any CPU
		{FC7285B2-BACC-403A-9DB4-F7531A43242F}.Debug|Any CPU.Build.0 = Debug|Any CPU
		{FC7285B2-BACC-403A-9DB4-F7531A43242F}.Release|Any CPU.ActiveCfg = Release|Any CPU
		{FC7285B2-BACC-403A-9DB4-F7531A43242F}.Release|Any CPU.Build.0 = Release|Any CPU
	EndGlobalSection
	GlobalSection(SolutionProperties) = preSolution
		HideSolutionNode = FALSE
	EndGlobalSection
	GlobalSection(ExtensibilityGlobals) = postSolution
		SolutionGuid = {2E7A58AF-1F07-42D4-8609-0355D1F7378F}
	EndGlobalSection
EndGlobal
