
Microsoft Visual Studio Solution File, Format Version 12.00
# Visual Studio Version 17
VisualStudioVersion = 17.10.34916.146
MinimumVisualStudioVersion = 10.0.40219.1
Project("{FAE04EC0-301F-11D3-BF4B-00C04F79EFBC}") = "UpcastBirds", "UpcastBirds\UpcastBirds.csproj", "{3F12446C-151E-4530-BD2E-812F30C04DBD}"
EndProject
Global
	GlobalSection(SolutionConfigurationPlatforms) = preSolution
		Debug|Any CPU = Debug|Any CPU
		Release|Any CPU = Release|Any CPU
	EndGlobalSection
	GlobalSection(ProjectConfigurationPlatforms) = postSolution
		{3F12446C-151E-4530-BD2E-812F30C04DBD}.Debug|Any CPU.ActiveCfg = Debug|Any CPU
		{3F12446C-151E-4530-BD2E-812F30C04DBD}.Debug|Any CPU.Build.0 = Debug|Any CPU
		{3F12446C-151E-4530-BD2E-812F30C04DBD}.Release|Any CPU.ActiveCfg = Release|Any CPU
		{3F12446C-151E-4530-BD2E-812F30C04DBD}.Release|Any CPU.Build.0 = Release|Any CPU
	EndGlobalSection
	GlobalSection(SolutionProperties) = preSolution
		HideSolutionNode = FALSE
	EndGlobalSection
	GlobalSection(ExtensibilityGlobals) = postSolution
		SolutionGuid = {2B75354D-0825-46F7-967A-A4F21E5EA731}
	EndGlobalSection
EndGlobal
