
Microsoft Visual Studio Solution File, Format Version 12.00
# Visual Studio Version 17
VisualStudioVersion = 17.10.34916.146
MinimumVisualStudioVersion = 10.0.40219.1
Project("{FAE04EC0-301F-11D3-BF4B-00C04F79EFBC}") = "BlazorCards", "BlazorCards\BlazorCards.csproj", "{3CCBD463-74A1-43F3-86C5-83D5883517F0}"
EndProject
Global
	GlobalSection(SolutionConfigurationPlatforms) = preSolution
		Debug|Any CPU = Debug|Any CPU
		Release|Any CPU = Release|Any CPU
	EndGlobalSection
	GlobalSection(ProjectConfigurationPlatforms) = postSolution
		{3CCBD463-74A1-43F3-86C5-83D5883517F0}.Debug|Any CPU.ActiveCfg = Debug|Any CPU
		{3CCBD463-74A1-43F3-86C5-83D5883517F0}.Debug|Any CPU.Build.0 = Debug|Any CPU
		{3CCBD463-74A1-43F3-86C5-83D5883517F0}.Release|Any CPU.ActiveCfg = Release|Any CPU
		{3CCBD463-74A1-43F3-86C5-83D5883517F0}.Release|Any CPU.Build.0 = Release|Any CPU
	EndGlobalSection
	GlobalSection(SolutionProperties) = preSolution
		HideSolutionNode = FALSE
	EndGlobalSection
	GlobalSection(ExtensibilityGlobals) = postSolution
		SolutionGuid = {9196DCF6-9B62-44B9-A475-2FEBA3E81840}
	EndGlobalSection
EndGlobal
