
Microsoft Visual Studio Solution File, Format Version 12.00
# Visual Studio Version 17
VisualStudioVersion = 17.9.34622.214
MinimumVisualStudioVersion = 10.0.40219.1
Project("{FAE04EC0-301F-11D3-BF4B-00C04F79EFBC}") = "PlanetMission", "PlanetMission\PlanetMission.csproj", "{3C3F510C-A814-408C-95B5-BAF76DE61B91}"
EndProject
Global
	GlobalSection(SolutionConfigurationPlatforms) = preSolution
		Debug|Any CPU = Debug|Any CPU
		Release|Any CPU = Release|Any CPU
	EndGlobalSection
	GlobalSection(ProjectConfigurationPlatforms) = postSolution
		{3C3F510C-A814-408C-95B5-BAF76DE61B91}.Debug|Any CPU.ActiveCfg = Debug|Any CPU
		{3C3F510C-A814-408C-95B5-BAF76DE61B91}.Debug|Any CPU.Build.0 = Debug|Any CPU
		{3C3F510C-A814-408C-95B5-BAF76DE61B91}.Release|Any CPU.ActiveCfg = Release|Any CPU
		{3C3F510C-A814-408C-95B5-BAF76DE61B91}.Release|Any CPU.Build.0 = Release|Any CPU
	EndGlobalSection
	GlobalSection(SolutionProperties) = preSolution
		HideSolutionNode = FALSE
	EndGlobalSection
	GlobalSection(ExtensibilityGlobals) = postSolution
		SolutionGuid = {6FACB8B4-0D43-4D10-878A-CAB4E4BE1252}
	EndGlobalSection
EndGlobal
