
Microsoft Visual Studio Solution File, Format Version 12.00
# Visual Studio Version 17
VisualStudioVersion = 17.9.34622.214
MinimumVisualStudioVersion = 10.0.40219.1
Project("{FAE04EC0-301F-11D3-BF4B-00C04F79EFBC}") = "BeehiveManagementSystem", "BeehiveManagementSystem\BeehiveManagementSystem.csproj", "{EC50BB7A-19E6-4A4C-955C-B510F271725F}"
EndProject
Global
	GlobalSection(SolutionConfigurationPlatforms) = preSolution
		Debug|Any CPU = Debug|Any CPU
		Release|Any CPU = Release|Any CPU
	EndGlobalSection
	GlobalSection(ProjectConfigurationPlatforms) = postSolution
		{EC50BB7A-19E6-4A4C-955C-B510F271725F}.Debug|Any CPU.ActiveCfg = Debug|Any CPU
		{EC50BB7A-19E6-4A4C-955C-B510F271725F}.Debug|Any CPU.Build.0 = Debug|Any CPU
		{EC50BB7A-19E6-4A4C-955C-B510F271725F}.Debug|Any CPU.Deploy.0 = Debug|Any CPU
		{EC50BB7A-19E6-4A4C-955C-B510F271725F}.Release|Any CPU.ActiveCfg = Release|Any CPU
		{EC50BB7A-19E6-4A4C-955C-B510F271725F}.Release|Any CPU.Build.0 = Release|Any CPU
		{EC50BB7A-19E6-4A4C-955C-B510F271725F}.Release|Any CPU.Deploy.0 = Release|Any CPU
	EndGlobalSection
	GlobalSection(SolutionProperties) = preSolution
		HideSolutionNode = FALSE
	EndGlobalSection
	GlobalSection(ExtensibilityGlobals) = postSolution
		SolutionGuid = {A6F04AEC-4BFE-4ED2-80CD-16FC2DB5E13E}
	EndGlobalSection
EndGlobal
