
Microsoft Visual Studio Solution File, Format Version 12.00
# Visual Studio Version 17
VisualStudioVersion = 17.10.34916.146
MinimumVisualStudioVersion = 10.0.40219.1
Project("{FAE04EC0-301F-11D3-BF4B-00C04F79EFBC}") = "LinqTest", "LinqTest\LinqTest.csproj", "{BB179C52-3925-42D3-B5F4-9BFDEBD8D945}"
EndProject
Global
	GlobalSection(SolutionConfigurationPlatforms) = preSolution
		Debug|Any CPU = Debug|Any CPU
		Release|Any CPU = Release|Any CPU
	EndGlobalSection
	GlobalSection(ProjectConfigurationPlatforms) = postSolution
		{BB179C52-3925-42D3-B5F4-9BFDEBD8D945}.Debug|Any CPU.ActiveCfg = Debug|Any CPU
		{BB179C52-3925-42D3-B5F4-9BFDEBD8D945}.Debug|Any CPU.Build.0 = Debug|Any CPU
		{BB179C52-3925-42D3-B5F4-9BFDEBD8D945}.Release|Any CPU.ActiveCfg = Release|Any CPU
		{BB179C52-3925-42D3-B5F4-9BFDEBD8D945}.Release|Any CPU.Build.0 = Release|Any CPU
	EndGlobalSection
	GlobalSection(SolutionProperties) = preSolution
		HideSolutionNode = FALSE
	EndGlobalSection
	GlobalSection(ExtensibilityGlobals) = postSolution
		SolutionGuid = {6561EF16-9C13-4008-856B-B6553FBC0C41}
	EndGlobalSection
EndGlobal
