
Microsoft Visual Studio Solution File, Format Version 12.00
# Visual Studio Version 17
VisualStudioVersion = 17.10.34916.146
MinimumVisualStudioVersion = 10.0.40219.1
Project("{FAE04EC0-301F-11D3-BF4B-00C04F79EFBC}") = "Sharpen_card_query", "Sharpen_card_query\Sharpen_card_query.csproj", "{AA5C562E-3B0C-4597-AEF0-4A8661729BAE}"
EndProject
Global
	GlobalSection(SolutionConfigurationPlatforms) = preSolution
		Debug|Any CPU = Debug|Any CPU
		Release|Any CPU = Release|Any CPU
	EndGlobalSection
	GlobalSection(ProjectConfigurationPlatforms) = postSolution
		{AA5C562E-3B0C-4597-AEF0-4A8661729BAE}.Debug|Any CPU.ActiveCfg = Debug|Any CPU
		{AA5C562E-3B0C-4597-AEF0-4A8661729BAE}.Debug|Any CPU.Build.0 = Debug|Any CPU
		{AA5C562E-3B0C-4597-AEF0-4A8661729BAE}.Release|Any CPU.ActiveCfg = Release|Any CPU
		{AA5C562E-3B0C-4597-AEF0-4A8661729BAE}.Release|Any CPU.Build.0 = Release|Any CPU
	EndGlobalSection
	GlobalSection(SolutionProperties) = preSolution
		HideSolutionNode = FALSE
	EndGlobalSection
	GlobalSection(ExtensibilityGlobals) = postSolution
		SolutionGuid = {46F806ED-C547-4B62-8781-F05AEEE6F7CA}
	EndGlobalSection
EndGlobal
