
Microsoft Visual Studio Solution File, Format Version 12.00
# Visual Studio Version 17
VisualStudioVersion = 17.10.34916.146
MinimumVisualStudioVersion = 10.0.40219.1
Project("{FAE04EC0-301F-11D3-BF4B-00C04F79EFBC}") = "UseUnicode", "UseUnicode\UseUnicode.csproj", "{A2742AF3-62EA-41F8-BFCE-268ED0603731}"
EndProject
Global
	GlobalSection(SolutionConfigurationPlatforms) = preSolution
		Debug|Any CPU = Debug|Any CPU
		Release|Any CPU = Release|Any CPU
	EndGlobalSection
	GlobalSection(ProjectConfigurationPlatforms) = postSolution
		{A2742AF3-62EA-41F8-BFCE-268ED0603731}.Debug|Any CPU.ActiveCfg = Debug|Any CPU
		{A2742AF3-62EA-41F8-BFCE-268ED0603731}.Debug|Any CPU.Build.0 = Debug|Any CPU
		{A2742AF3-62EA-41F8-BFCE-268ED0603731}.Release|Any CPU.ActiveCfg = Release|Any CPU
		{A2742AF3-62EA-41F8-BFCE-268ED0603731}.Release|Any CPU.Build.0 = Release|Any CPU
	EndGlobalSection
	GlobalSection(SolutionProperties) = preSolution
		HideSolutionNode = FALSE
	EndGlobalSection
	GlobalSection(ExtensibilityGlobals) = postSolution
		SolutionGuid = {B4111B22-811E-4E1B-847D-3A0C086855C4}
	EndGlobalSection
EndGlobal
