
Microsoft Visual Studio Solution File, Format Version 12.00
# Visual Studio Version 17
VisualStudioVersion = 17.10.34916.146
MinimumVisualStudioVersion = 10.0.40219.1
Project("{FAE04EC0-301F-11D3-BF4B-00C04F79EFBC}") = "Elephant_Sharpen_Your_Pencil", "Elephant_Sharpen_Your_Pencil\Elephant_Sharpen_Your_Pencil.csproj", "{97A0DD9C-0085-43C7-BDF2-424EC0C5BE26}"
EndProject
Global
	GlobalSection(SolutionConfigurationPlatforms) = preSolution
		Debug|Any CPU = Debug|Any CPU
		Release|Any CPU = Release|Any CPU
	EndGlobalSection
	GlobalSection(ProjectConfigurationPlatforms) = postSolution
		{97A0DD9C-0085-43C7-BDF2-424EC0C5BE26}.Debug|Any CPU.ActiveCfg = Debug|Any CPU
		{97A0DD9C-0085-43C7-BDF2-424EC0C5BE26}.Debug|Any CPU.Build.0 = Debug|Any CPU
		{97A0DD9C-0085-43C7-BDF2-424EC0C5BE26}.Release|Any CPU.ActiveCfg = Release|Any CPU
		{97A0DD9C-0085-43C7-BDF2-424EC0C5BE26}.Release|Any CPU.Build.0 = Release|Any CPU
	EndGlobalSection
	GlobalSection(SolutionProperties) = preSolution
		HideSolutionNode = FALSE
	EndGlobalSection
	GlobalSection(ExtensibilityGlobals) = postSolution
		SolutionGuid = {BD2A9345-82BD-42F6-9EE7-6C53B3B24305}
	EndGlobalSection
EndGlobal
