
Microsoft Visual Studio Solution File, Format Version 12.00
# Visual Studio Version 17
VisualStudioVersion = 17.10.34916.146
MinimumVisualStudioVersion = 10.0.40219.1
Project("{FAE04EC0-301F-11D3-BF4B-00C04F79EFBC}") = "Use_a_StreamWriter_to_read_a_file", "Use_a_StreamWriter_to_read_a_file\Use_a_StreamWriter_to_read_a_file.csproj", "{B8BD1E16-D38C-4C2F-B16C-BB783B954FE2}"
EndProject
Global
	GlobalSection(SolutionConfigurationPlatforms) = preSolution
		Debug|Any CPU = Debug|Any CPU
		Release|Any CPU = Release|Any CPU
	EndGlobalSection
	GlobalSection(ProjectConfigurationPlatforms) = postSolution
		{B8BD1E16-D38C-4C2F-B16C-BB783B954FE2}.Debug|Any CPU.ActiveCfg = Debug|Any CPU
		{B8BD1E16-D38C-4C2F-B16C-BB783B954FE2}.Debug|Any CPU.Build.0 = Debug|Any CPU
		{B8BD1E16-D38C-4C2F-B16C-BB783B954FE2}.Release|Any CPU.ActiveCfg = Release|Any CPU
		{B8BD1E16-D38C-4C2F-B16C-BB783B954FE2}.Release|Any CPU.Build.0 = Release|Any CPU
	EndGlobalSection
	GlobalSection(SolutionProperties) = preSolution
		HideSolutionNode = FALSE
	EndGlobalSection
	GlobalSection(ExtensibilityGlobals) = postSolution
		SolutionGuid = {7205BCD4-8FA5-4938-AEDA-DAC9E62B1778}
	EndGlobalSection
EndGlobal
