
Microsoft Visual Studio Solution File, Format Version 12.00
# Visual Studio Version 17
VisualStudioVersion = 17.10.34916.146
MinimumVisualStudioVersion = 10.0.40219.1
Project("{FAE04EC0-301F-11D3-BF4B-00C04F79EFBC}") = "Powers_of_2", "Powers_of_2\Powers_of_2.csproj", "{4B72A6C2-436C-423F-A1DD-228167FC505F}"
EndProject
Global
	GlobalSection(SolutionConfigurationPlatforms) = preSolution
		Debug|Any CPU = Debug|Any CPU
		Release|Any CPU = Release|Any CPU
	EndGlobalSection
	GlobalSection(ProjectConfigurationPlatforms) = postSolution
		{4B72A6C2-436C-423F-A1DD-228167FC505F}.Debug|Any CPU.ActiveCfg = Debug|Any CPU
		{4B72A6C2-436C-423F-A1DD-228167FC505F}.Debug|Any CPU.Build.0 = Debug|Any CPU
		{4B72A6C2-436C-423F-A1DD-228167FC505F}.Release|Any CPU.ActiveCfg = Release|Any CPU
		{4B72A6C2-436C-423F-A1DD-228167FC505F}.Release|Any CPU.Build.0 = Release|Any CPU
	EndGlobalSection
	GlobalSection(SolutionProperties) = preSolution
		HideSolutionNode = FALSE
	EndGlobalSection
	GlobalSection(ExtensibilityGlobals) = postSolution
		SolutionGuid = {8F0B6582-EF87-4A1E-8206-8FAC280D79CD}
	EndGlobalSection
EndGlobal
