
Microsoft Visual Studio Solution File, Format Version 12.00
# Visual Studio Version 17
VisualStudioVersion = 17.10.34916.146
MinimumVisualStudioVersion = 10.0.40219.1
Project("{FAE04EC0-301F-11D3-BF4B-00C04F79EFBC}") = "PoolPuzzle", "PoolPuzzle\PoolPuzzle.csproj", "{5BEEE922-0A5B-495F-A6B9-EA15E6E500B7}"
EndProject
Global
	GlobalSection(SolutionConfigurationPlatforms) = preSolution
		Debug|Any CPU = Debug|Any CPU
		Release|Any CPU = Release|Any CPU
	EndGlobalSection
	GlobalSection(ProjectConfigurationPlatforms) = postSolution
		{5BEEE922-0A5B-495F-A6B9-EA15E6E500B7}.Debug|Any CPU.ActiveCfg = Debug|Any CPU
		{5BEEE922-0A5B-495F-A6B9-EA15E6E500B7}.Debug|Any CPU.Build.0 = Debug|Any CPU
		{5BEEE922-0A5B-495F-A6B9-EA15E6E500B7}.Release|Any CPU.ActiveCfg = Release|Any CPU
		{5BEEE922-0A5B-495F-A6B9-EA15E6E500B7}.Release|Any CPU.Build.0 = Release|Any CPU
	EndGlobalSection
	GlobalSection(SolutionProperties) = preSolution
		HideSolutionNode = FALSE
	EndGlobalSection
	GlobalSection(ExtensibilityGlobals) = postSolution
		SolutionGuid = {B9BFDB5D-21E0-4F9F-9D22-7A071FCA24C5}
	EndGlobalSection
EndGlobal
