
Microsoft Visual Studio Solution File, Format Version 12.00
# Visual Studio Version 17
VisualStudioVersion = 17.10.34916.146
MinimumVisualStudioVersion = 10.0.40219.1
Project("{FAE04EC0-301F-11D3-BF4B-00C04F79EFBC}") = "PoolPuzzle", "PoolPuzzle\PoolPuzzle.csproj", "{2C2EB7F0-016D-4BBA-B594-900FAA18F52F}"
EndProject
Global
	GlobalSection(SolutionConfigurationPlatforms) = preSolution
		Debug|Any CPU = Debug|Any CPU
		Release|Any CPU = Release|Any CPU
	EndGlobalSection
	GlobalSection(ProjectConfigurationPlatforms) = postSolution
		{2C2EB7F0-016D-4BBA-B594-900FAA18F52F}.Debug|Any CPU.ActiveCfg = Debug|Any CPU
		{2C2EB7F0-016D-4BBA-B594-900FAA18F52F}.Debug|Any CPU.Build.0 = Debug|Any CPU
		{2C2EB7F0-016D-4BBA-B594-900FAA18F52F}.Release|Any CPU.ActiveCfg = Release|Any CPU
		{2C2EB7F0-016D-4BBA-B594-900FAA18F52F}.Release|Any CPU.Build.0 = Release|Any CPU
	EndGlobalSection
	GlobalSection(SolutionProperties) = preSolution
		HideSolutionNode = FALSE
	EndGlobalSection
	GlobalSection(ExtensibilityGlobals) = postSolution
		SolutionGuid = {1B526233-177E-4529-9191-7E508C592CFC}
	EndGlobalSection
EndGlobal
