
Microsoft Visual Studio Solution File, Format Version 12.00
# Visual Studio Version 17
VisualStudioVersion = 17.10.34916.146
MinimumVisualStudioVersion = 10.0.40219.1
Project("{FAE04EC0-301F-11D3-BF4B-00C04F79EFBC}") = "Sharpen_Your_Pencil", "Sharpen_Your_Pencil\Sharpen_Your_Pencil.csproj", "{936FCF6F-2839-43F6-91ED-4159F272D3F5}"
EndProject
Global
	GlobalSection(SolutionConfigurationPlatforms) = preSolution
		Debug|Any CPU = Debug|Any CPU
		Release|Any CPU = Release|Any CPU
	EndGlobalSection
	GlobalSection(ProjectConfigurationPlatforms) = postSolution
		{936FCF6F-2839-43F6-91ED-4159F272D3F5}.Debug|Any CPU.ActiveCfg = Debug|Any CPU
		{936FCF6F-2839-43F6-91ED-4159F272D3F5}.Debug|Any CPU.Build.0 = Debug|Any CPU
		{936FCF6F-2839-43F6-91ED-4159F272D3F5}.Release|Any CPU.ActiveCfg = Release|Any CPU
		{936FCF6F-2839-43F6-91ED-4159F272D3F5}.Release|Any CPU.Build.0 = Release|Any CPU
	EndGlobalSection
	GlobalSection(SolutionProperties) = preSolution
		HideSolutionNode = FALSE
	EndGlobalSection
	GlobalSection(ExtensibilityGlobals) = postSolution
		SolutionGuid = {7B2E45B3-4464-4DA6-B58F-D5DDDCAFF93A}
	EndGlobalSection
EndGlobal
