
Microsoft Visual Studio Solution File, Format Version 12.00
# Visual Studio Version 17
VisualStudioVersion = 17.10.34916.146
MinimumVisualStudioVersion = 10.0.40219.1
Project("{FAE04EC0-301F-11D3-BF4B-00C04F79EFBC}") = "PigeonOstrich", "PigeonOstrich\PigeonOstrich.csproj", "{9278A2D5-D5B9-48C4-94FE-97DF402E7BDA}"
EndProject
Global
	GlobalSection(SolutionConfigurationPlatforms) = preSolution
		Debug|Any CPU = Debug|Any CPU
		Release|Any CPU = Release|Any CPU
	EndGlobalSection
	GlobalSection(ProjectConfigurationPlatforms) = postSolution
		{9278A2D5-D5B9-48C4-94FE-97DF402E7BDA}.Debug|Any CPU.ActiveCfg = Debug|Any CPU
		{9278A2D5-D5B9-48C4-94FE-97DF402E7BDA}.Debug|Any CPU.Build.0 = Debug|Any CPU
		{9278A2D5-D5B9-48C4-94FE-97DF402E7BDA}.Release|Any CPU.ActiveCfg = Release|Any CPU
		{9278A2D5-D5B9-48C4-94FE-97DF402E7BDA}.Release|Any CPU.Build.0 = Release|Any CPU
	EndGlobalSection
	GlobalSection(SolutionProperties) = preSolution
		HideSolutionNode = FALSE
	EndGlobalSection
	GlobalSection(ExtensibilityGlobals) = postSolution
		SolutionGuid = {4A8D9034-317F-458D-9661-027E74AE5620}
	EndGlobalSection
EndGlobal
