
Microsoft Visual Studio Solution File, Format Version 12.00
# Visual Studio Version 17
VisualStudioVersion = 17.10.34916.146
MinimumVisualStudioVersion = 10.0.40219.1
Project("{FAE04EC0-301F-11D3-BF4B-00C04F79EFBC}") = "Refactor_a_clown_with_lambdas", "Refactor_a_clown_with_lambdas\Refactor_a_clown_with_lambdas.csproj", "{28DFA9AD-AE78-4045-8FC7-481A05458608}"
EndProject
Global
	GlobalSection(SolutionConfigurationPlatforms) = preSolution
		Debug|Any CPU = Debug|Any CPU
		Release|Any CPU = Release|Any CPU
	EndGlobalSection
	GlobalSection(ProjectConfigurationPlatforms) = postSolution
		{28DFA9AD-AE78-4045-8FC7-481A05458608}.Debug|Any CPU.ActiveCfg = Debug|Any CPU
		{28DFA9AD-AE78-4045-8FC7-481A05458608}.Debug|Any CPU.Build.0 = Debug|Any CPU
		{28DFA9AD-AE78-4045-8FC7-481A05458608}.Release|Any CPU.ActiveCfg = Release|Any CPU
		{28DFA9AD-AE78-4045-8FC7-481A05458608}.Release|Any CPU.Build.0 = Release|Any CPU
	EndGlobalSection
	GlobalSection(SolutionProperties) = preSolution
		HideSolutionNode = FALSE
	EndGlobalSection
	GlobalSection(ExtensibilityGlobals) = postSolution
		SolutionGuid = {B15CCBD6-B032-4BD3-ADEC-F5FEA7820CAA}
	EndGlobalSection
EndGlobal
