
Microsoft Visual Studio Solution File, Format Version 12.00
# Visual Studio Version 17
VisualStudioVersion = 17.10.34916.146
MinimumVisualStudioVersion = 10.0.40219.1
Project("{FAE04EC0-301F-11D3-BF4B-00C04F79EFBC}") = "PickRandomCardsBlazor", "PickRandomCardsBlazor\PickRandomCardsBlazor.csproj", "{11B5EA29-66B8-4703-A025-B2803E6AB006}"
EndProject
Global
	GlobalSection(SolutionConfigurationPlatforms) = preSolution
		Debug|Any CPU = Debug|Any CPU
		Release|Any CPU = Release|Any CPU
	EndGlobalSection
	GlobalSection(ProjectConfigurationPlatforms) = postSolution
		{11B5EA29-66B8-4703-A025-B2803E6AB006}.Debug|Any CPU.ActiveCfg = Debug|Any CPU
		{11B5EA29-66B8-4703-A025-B2803E6AB006}.Debug|Any CPU.Build.0 = Debug|Any CPU
		{11B5EA29-66B8-4703-A025-B2803E6AB006}.Release|Any CPU.ActiveCfg = Release|Any CPU
		{11B5EA29-66B8-4703-A025-B2803E6AB006}.Release|Any CPU.Build.0 = Release|Any CPU
	EndGlobalSection
	GlobalSection(SolutionProperties) = preSolution
		HideSolutionNode = FALSE
	EndGlobalSection
	GlobalSection(ExtensibilityGlobals) = postSolution
		SolutionGuid = {4A2A09A3-368D-49EC-AC00-0B65E8BFA84A}
	EndGlobalSection
EndGlobal
