
Microsoft Visual Studio Solution File, Format Version 12.00
# Visual Studio Version 17
VisualStudioVersion = 17.10.34916.146
MinimumVisualStudioVersion = 10.0.40219.1
Project("{FAE04EC0-301F-11D3-BF4B-00C04F79EFBC}") = "Use_yield_return", "Use_yield_return\Use_yield_return.csproj", "{DD1DFC1C-E999-4FC4-B985-62CFB19C8BF6}"
EndProject
Global
	GlobalSection(SolutionConfigurationPlatforms) = preSolution
		Debug|Any CPU = Debug|Any CPU
		Release|Any CPU = Release|Any CPU
	EndGlobalSection
	GlobalSection(ProjectConfigurationPlatforms) = postSolution
		{DD1DFC1C-E999-4FC4-B985-62CFB19C8BF6}.Debug|Any CPU.ActiveCfg = Debug|Any CPU
		{DD1DFC1C-E999-4FC4-B985-62CFB19C8BF6}.Debug|Any CPU.Build.0 = Debug|Any CPU
		{DD1DFC1C-E999-4FC4-B985-62CFB19C8BF6}.Release|Any CPU.ActiveCfg = Release|Any CPU
		{DD1DFC1C-E999-4FC4-B985-62CFB19C8BF6}.Release|Any CPU.Build.0 = Release|Any CPU
	EndGlobalSection
	GlobalSection(SolutionProperties) = preSolution
		HideSolutionNode = FALSE
	EndGlobalSection
	GlobalSection(ExtensibilityGlobals) = postSolution
		SolutionGuid = {8C8FEBD6-AB3F-4958-A7E8-185497D20718}
	EndGlobalSection
EndGlobal
