
Microsoft Visual Studio Solution File, Format Version 12.00
# Visual Studio Version 17
VisualStudioVersion = 17.10.34916.146
MinimumVisualStudioVersion = 10.0.40219.1
Project("{FAE04EC0-301F-11D3-BF4B-00C04F79EFBC}") = "QueueAndStack", "QueueAndStack\QueueAndStack.csproj", "{58DFD97B-C7BD-47D1-8206-3E8214ED231C}"
EndProject
Global
	GlobalSection(SolutionConfigurationPlatforms) = preSolution
		Debug|Any CPU = Debug|Any CPU
		Release|Any CPU = Release|Any CPU
	EndGlobalSection
	GlobalSection(ProjectConfigurationPlatforms) = postSolution
		{58DFD97B-C7BD-47D1-8206-3E8214ED231C}.Debug|Any CPU.ActiveCfg = Debug|Any CPU
		{58DFD97B-C7BD-47D1-8206-3E8214ED231C}.Debug|Any CPU.Build.0 = Debug|Any CPU
		{58DFD97B-C7BD-47D1-8206-3E8214ED231C}.Release|Any CPU.ActiveCfg = Release|Any CPU
		{58DFD97B-C7BD-47D1-8206-3E8214ED231C}.Release|Any CPU.Build.0 = Release|Any CPU
	EndGlobalSection
	GlobalSection(SolutionProperties) = preSolution
		HideSolutionNode = FALSE
	EndGlobalSection
	GlobalSection(ExtensibilityGlobals) = postSolution
		SolutionGuid = {698BF413-79A8-4185-A8AA-2411AED3A795}
	EndGlobalSection
EndGlobal
