
Microsoft Visual Studio Solution File, Format Version 12.00
# Visual Studio Version 17
VisualStudioVersion = 17.9.34622.214
MinimumVisualStudioVersion = 10.0.40219.1
Project("{FAE04EC0-301F-11D3-BF4B-00C04F79EFBC}") = "PickRandomCards", "PickRandomCards\PickRandomCards.csproj", "{09A3F7C0-EF86-476F-A642-25783FFE7D6B}"
EndProject
Global
	GlobalSection(SolutionConfigurationPlatforms) = preSolution
		Debug|Any CPU = Debug|Any CPU
		Release|Any CPU = Release|Any CPU
	EndGlobalSection
	GlobalSection(ProjectConfigurationPlatforms) = postSolution
		{09A3F7C0-EF86-476F-A642-25783FFE7D6B}.Debug|Any CPU.ActiveCfg = Debug|Any CPU
		{09A3F7C0-EF86-476F-A642-25783FFE7D6B}.Debug|Any CPU.Build.0 = Debug|Any CPU
		{09A3F7C0-EF86-476F-A642-25783FFE7D6B}.Release|Any CPU.ActiveCfg = Release|Any CPU
		{09A3F7C0-EF86-476F-A642-25783FFE7D6B}.Release|Any CPU.Build.0 = Release|Any CPU
	EndGlobalSection
	GlobalSection(SolutionProperties) = preSolution
		HideSolutionNode = FALSE
	EndGlobalSection
	GlobalSection(ExtensibilityGlobals) = postSolution
		SolutionGuid = {4F285E11-A399-4DC2-B0C4-5F557C4BA67E}
	EndGlobalSection
EndGlobal
