
Microsoft Visual Studio Solution File, Format Version 12.00
# Visual Studio Version 17
VisualStudioVersion = 17.9.34622.214
MinimumVisualStudioVersion = 10.0.40219.1
Project("{FAE04EC0-301F-11D3-BF4B-00C04F79EFBC}") = "Chapter_3_Sharpen_Your_Pencil", "Chapter_3_Sharpen_Your_Pencil\Chapter_3_Sharpen_Your_Pencil.csproj", "{EA8E3059-B7BF-42CC-96C1-56A650BCBB89}"
EndProject
Global
	GlobalSection(SolutionConfigurationPlatforms) = preSolution
		Debug|Any CPU = Debug|Any CPU
		Release|Any CPU = Release|Any CPU
	EndGlobalSection
	GlobalSection(ProjectConfigurationPlatforms) = postSolution
		{EA8E3059-B7BF-42CC-96C1-56A650BCBB89}.Debug|Any CPU.ActiveCfg = Debug|Any CPU
		{EA8E3059-B7BF-42CC-96C1-56A650BCBB89}.Debug|Any CPU.Build.0 = Debug|Any CPU
		{EA8E3059-B7BF-42CC-96C1-56A650BCBB89}.Release|Any CPU.ActiveCfg = Release|Any CPU
		{EA8E3059-B7BF-42CC-96C1-56A650BCBB89}.Release|Any CPU.Build.0 = Release|Any CPU
	EndGlobalSection
	GlobalSection(SolutionProperties) = preSolution
		HideSolutionNode = FALSE
	EndGlobalSection
	GlobalSection(ExtensibilityGlobals) = postSolution
		SolutionGuid = {9BFE0F9F-A654-436D-B4C6-C74C05590A1F}
	EndGlobalSection
EndGlobal
