
Microsoft Visual Studio Solution File, Format Version 12.00
# Visual Studio Version 17
VisualStudioVersion = 17.10.34916.146
MinimumVisualStudioVersion = 10.0.40219.1
Project("{FAE04EC0-301F-11D3-BF4B-00C04F79EFBC}") = "ExceptionExperiment", "ExceptionExperiment\ExceptionExperiment.csproj", "{A7A94059-7173-4D9A-AC1F-97FC0264F334}"
EndProject
Global
	GlobalSection(SolutionConfigurationPlatforms) = preSolution
		Debug|Any CPU = Debug|Any CPU
		Release|Any CPU = Release|Any CPU
	EndGlobalSection
	GlobalSection(ProjectConfigurationPlatforms) = postSolution
		{A7A94059-7173-4D9A-AC1F-97FC0264F334}.Debug|Any CPU.ActiveCfg = Debug|Any CPU
		{A7A94059-7173-4D9A-AC1F-97FC0264F334}.Debug|Any CPU.Build.0 = Debug|Any CPU
		{A7A94059-7173-4D9A-AC1F-97FC0264F334}.Release|Any CPU.ActiveCfg = Release|Any CPU
		{A7A94059-7173-4D9A-AC1F-97FC0264F334}.Release|Any CPU.Build.0 = Release|Any CPU
	EndGlobalSection
	GlobalSection(SolutionProperties) = preSolution
		HideSolutionNode = FALSE
	EndGlobalSection
	GlobalSection(ExtensibilityGlobals) = postSolution
		SolutionGuid = {513F449B-4A60-42F1-8E29-8C7595D13477}
	EndGlobalSection
EndGlobal
