
Microsoft Visual Studio Solution File, Format Version 12.00
# Visual Studio Version 17
VisualStudioVersion = 17.0.31903.59
MinimumVisualStudioVersion = 10.0.40219.1
Project("{FAE04EC0-301F-11D3-BF4B-00C04F79EFBC}") = "BlazorMatchGame", "BlazorMatchGame\BlazorMatchGame.csproj", "{1D332F48-74FF-4A29-9FCA-F0A13AF5C760}"
EndProject
Global
	GlobalSection(SolutionConfigurationPlatforms) = preSolution
		Debug|Any CPU = Debug|Any CPU
		Release|Any CPU = Release|Any CPU
	EndGlobalSection
	GlobalSection(SolutionProperties) = preSolution
		HideSolutionNode = FALSE
	EndGlobalSection
	GlobalSection(ProjectConfigurationPlatforms) = postSolution
		{1D332F48-74FF-4A29-9FCA-F0A13AF5C760}.Debug|Any CPU.ActiveCfg = Debug|Any CPU
		{1D332F48-74FF-4A29-9FCA-F0A13AF5C760}.Debug|Any CPU.Build.0 = Debug|Any CPU
		{1D332F48-74FF-4A29-9FCA-F0A13AF5C760}.Release|Any CPU.ActiveCfg = Release|Any CPU
		{1D332F48-74FF-4A29-9FCA-F0A13AF5C760}.Release|Any CPU.Build.0 = Release|Any CPU
	EndGlobalSection
EndGlobal
