
Microsoft Visual Studio Solution File, Format Version 12.00
# Visual Studio Version 17
VisualStudioVersion = 17.9.34622.214
MinimumVisualStudioVersion = 10.0.40219.1
Project("{FAE04EC0-301F-11D3-BF4B-00C04F79EFBC}") = "AnimalMatchingGame", "AnimalMatchingGame\AnimalMatchingGame.csproj", "{7C04EEF9-3635-4232-AC81-9230A6238A20}"
EndProject
Global
	GlobalSection(SolutionConfigurationPlatforms) = preSolution
		Debug|Any CPU = Debug|Any CPU
		Release|Any CPU = Release|Any CPU
	EndGlobalSection
	GlobalSection(ProjectConfigurationPlatforms) = postSolution
		{7C04EEF9-3635-4232-AC81-9230A6238A20}.Debug|Any CPU.ActiveCfg = Debug|Any CPU
		{7C04EEF9-3635-4232-AC81-9230A6238A20}.Debug|Any CPU.Build.0 = Debug|Any CPU
		{7C04EEF9-3635-4232-AC81-9230A6238A20}.Debug|Any CPU.Deploy.0 = Debug|Any CPU
		{7C04EEF9-3635-4232-AC81-9230A6238A20}.Release|Any CPU.ActiveCfg = Release|Any CPU
		{7C04EEF9-3635-4232-AC81-9230A6238A20}.Release|Any CPU.Build.0 = Release|Any CPU
		{7C04EEF9-3635-4232-AC81-9230A6238A20}.Release|Any CPU.Deploy.0 = Release|Any CPU
	EndGlobalSection
	GlobalSection(SolutionProperties) = preSolution
		HideSolutionNode = FALSE
	EndGlobalSection
	GlobalSection(ExtensibilityGlobals) = postSolution
		SolutionGuid = {AB663654-0386-4730-9F5B-7313738FB5E0}
	EndGlobalSection
EndGlobal
