
Microsoft Visual Studio Solution File, Format Version 12.00
# Visual Studio Version 17
VisualStudioVersion = 17.10.34916.146
MinimumVisualStudioVersion = 10.0.40219.1
Project("{FAE04EC0-301F-11D3-BF4B-00C04F79EFBC}") = "ExperimentWithControlsBlazor", "ExperimentWithControlsBlazor\ExperimentWithControlsBlazor.csproj", "{B172BE24-5C37-41C6-814E-59A33E789450}"
EndProject
Global
	GlobalSection(SolutionConfigurationPlatforms) = preSolution
		Debug|Any CPU = Debug|Any CPU
		Release|Any CPU = Release|Any CPU
	EndGlobalSection
	GlobalSection(ProjectConfigurationPlatforms) = postSolution
		{B172BE24-5C37-41C6-814E-59A33E789450}.Debug|Any CPU.ActiveCfg = Debug|Any CPU
		{B172BE24-5C37-41C6-814E-59A33E789450}.Debug|Any CPU.Build.0 = Debug|Any CPU
		{B172BE24-5C37-41C6-814E-59A33E789450}.Release|Any CPU.ActiveCfg = Release|Any CPU
		{B172BE24-5C37-41C6-814E-59A33E789450}.Release|Any CPU.Build.0 = Release|Any CPU
	EndGlobalSection
	GlobalSection(SolutionProperties) = preSolution
		HideSolutionNode = FALSE
	EndGlobalSection
	GlobalSection(ExtensibilityGlobals) = postSolution
		SolutionGuid = {AC6B97A0-B214-4FC8-862E-864CFF58AA42}
	EndGlobalSection
EndGlobal
