
Microsoft Visual Studio Solution File, Format Version 12.00
# Visual Studio Version 17
VisualStudioVersion = 17.10.34916.146
MinimumVisualStudioVersion = 10.0.40219.1
Project("{FAE04EC0-301F-11D3-BF4B-00C04F79EFBC}") = "Linq_is_versatile", "Linq_is_versatile\Linq_is_versatile.csproj", "{1D1612E2-E9C7-44C5-8B59-6FB9F6C2B69D}"
EndProject
Global
	GlobalSection(SolutionConfigurationPlatforms) = preSolution
		Debug|Any CPU = Debug|Any CPU
		Release|Any CPU = Release|Any CPU
	EndGlobalSection
	GlobalSection(ProjectConfigurationPlatforms) = postSolution
		{1D1612E2-E9C7-44C5-8B59-6FB9F6C2B69D}.Debug|Any CPU.ActiveCfg = Debug|Any CPU
		{1D1612E2-E9C7-44C5-8B59-6FB9F6C2B69D}.Debug|Any CPU.Build.0 = Debug|Any CPU
		{1D1612E2-E9C7-44C5-8B59-6FB9F6C2B69D}.Release|Any CPU.ActiveCfg = Release|Any CPU
		{1D1612E2-E9C7-44C5-8B59-6FB9F6C2B69D}.Release|Any CPU.Build.0 = Release|Any CPU
	EndGlobalSection
	GlobalSection(SolutionProperties) = preSolution
		HideSolutionNode = FALSE
	EndGlobalSection
	GlobalSection(ExtensibilityGlobals) = postSolution
		SolutionGuid = {BB990ACD-1855-4832-BCAD-EA5DEC17C1DA}
	EndGlobalSection
EndGlobal
