
Microsoft Visual Studio Solution File, Format Version 12.00
# Visual Studio Version 17
VisualStudioVersion = 17.10.34916.146
MinimumVisualStudioVersion = 10.0.40219.1
Project("{FAE04EC0-301F-11D3-BF4B-00C04F79EFBC}") = "LINQ_is_versatile", "LINQ_is_versatile\LINQ_is_versatile.csproj", "{C17E219D-5DD8-43DB-A9C3-7559215CAD4D}"
EndProject
Global
	GlobalSection(SolutionConfigurationPlatforms) = preSolution
		Debug|Any CPU = Debug|Any CPU
		Release|Any CPU = Release|Any CPU
	EndGlobalSection
	GlobalSection(ProjectConfigurationPlatforms) = postSolution
		{C17E219D-5DD8-43DB-A9C3-7559215CAD4D}.Debug|Any CPU.ActiveCfg = Debug|Any CPU
		{C17E219D-5DD8-43DB-A9C3-7559215CAD4D}.Debug|Any CPU.Build.0 = Debug|Any CPU
		{C17E219D-5DD8-43DB-A9C3-7559215CAD4D}.Release|Any CPU.ActiveCfg = Release|Any CPU
		{C17E219D-5DD8-43DB-A9C3-7559215CAD4D}.Release|Any CPU.Build.0 = Release|Any CPU
	EndGlobalSection
	GlobalSection(SolutionProperties) = preSolution
		HideSolutionNode = FALSE
	EndGlobalSection
	GlobalSection(ExtensibilityGlobals) = postSolution
		SolutionGuid = {4667A283-77C3-4483-908B-6A355147741E}
	EndGlobalSection
EndGlobal
