
Microsoft Visual Studio Solution File, Format Version 12.00
# Visual Studio Version 17
VisualStudioVersion = 17.10.34916.146
MinimumVisualStudioVersion = 10.0.40219.1
Project("{FAE04EC0-301F-11D3-BF4B-00C04F79EFBC}") = "TwoDecks", "TwoDecks\TwoDecks.csproj", "{563C02CF-15D7-4410-8392-F4A0485D5348}"
EndProject
Global
	GlobalSection(SolutionConfigurationPlatforms) = preSolution
		Debug|Any CPU = Debug|Any CPU
		Release|Any CPU = Release|Any CPU
	EndGlobalSection
	GlobalSection(ProjectConfigurationPlatforms) = postSolution
		{563C02CF-15D7-4410-8392-F4A0485D5348}.Debug|Any CPU.ActiveCfg = Debug|Any CPU
		{563C02CF-15D7-4410-8392-F4A0485D5348}.Debug|Any CPU.Build.0 = Debug|Any CPU
		{563C02CF-15D7-4410-8392-F4A0485D5348}.Debug|Any CPU.Deploy.0 = Debug|Any CPU
		{563C02CF-15D7-4410-8392-F4A0485D5348}.Release|Any CPU.ActiveCfg = Release|Any CPU
		{563C02CF-15D7-4410-8392-F4A0485D5348}.Release|Any CPU.Build.0 = Release|Any CPU
		{563C02CF-15D7-4410-8392-F4A0485D5348}.Release|Any CPU.Deploy.0 = Release|Any CPU
	EndGlobalSection
	GlobalSection(SolutionProperties) = preSolution
		HideSolutionNode = FALSE
	EndGlobalSection
	GlobalSection(ExtensibilityGlobals) = postSolution
		SolutionGuid = {71D15E8D-E794-4092-A260-94BE36CC18F3}
	EndGlobalSection
EndGlobal
