
Microsoft Visual Studio Solution File, Format Version 12.00
# Visual Studio Version 17
VisualStudioVersion = 17.10.34916.146
MinimumVisualStudioVersion = 10.0.40219.1
Project("{FAE04EC0-301F-11D3-BF4B-00C04F79EFBC}") = "DogAndCanine", "DogAndCanine\DogAndCanine.csproj", "{7F68BAC7-7AF3-42D3-BEDC-6C5B50F5C27E}"
EndProject
Global
	GlobalSection(SolutionConfigurationPlatforms) = preSolution
		Debug|Any CPU = Debug|Any CPU
		Release|Any CPU = Release|Any CPU
	EndGlobalSection
	GlobalSection(ProjectConfigurationPlatforms) = postSolution
		{7F68BAC7-7AF3-42D3-BEDC-6C5B50F5C27E}.Debug|Any CPU.ActiveCfg = Debug|Any CPU
		{7F68BAC7-7AF3-42D3-BEDC-6C5B50F5C27E}.Debug|Any CPU.Build.0 = Debug|Any CPU
		{7F68BAC7-7AF3-42D3-BEDC-6C5B50F5C27E}.Release|Any CPU.ActiveCfg = Release|Any CPU
		{7F68BAC7-7AF3-42D3-BEDC-6C5B50F5C27E}.Release|Any CPU.Build.0 = Release|Any CPU
	EndGlobalSection
	GlobalSection(SolutionProperties) = preSolution
		HideSolutionNode = FALSE
	EndGlobalSection
	GlobalSection(ExtensibilityGlobals) = postSolution
		SolutionGuid = {99A3257D-B47D-4C73-AFCA-4BBCEC71BA3D}
	EndGlobalSection
EndGlobal
