
Microsoft Visual Studio Solution File, Format Version 12.00
# Visual Studio Version 17
VisualStudioVersion = 17.10.34916.146
MinimumVisualStudioVersion = 10.0.40219.1
Project("{FAE04EC0-301F-11D3-BF4B-00C04F79EFBC}") = "SwindlerDiaboliocalPlan", "SwindlerDiaboliocalPlan\SwindlerDiaboliocalPlan.csproj", "{69F3E92F-098B-4C69-8470-8F9C36039319}"
EndProject
Global
	GlobalSection(SolutionConfigurationPlatforms) = preSolution
		Debug|Any CPU = Debug|Any CPU
		Release|Any CPU = Release|Any CPU
	EndGlobalSection
	GlobalSection(ProjectConfigurationPlatforms) = postSolution
		{69F3E92F-098B-4C69-8470-8F9C36039319}.Debug|Any CPU.ActiveCfg = Debug|Any CPU
		{69F3E92F-098B-4C69-8470-8F9C36039319}.Debug|Any CPU.Build.0 = Debug|Any CPU
		{69F3E92F-098B-4C69-8470-8F9C36039319}.Release|Any CPU.ActiveCfg = Release|Any CPU
		{69F3E92F-098B-4C69-8470-8F9C36039319}.Release|Any CPU.Build.0 = Release|Any CPU
	EndGlobalSection
	GlobalSection(SolutionProperties) = preSolution
		HideSolutionNode = FALSE
	EndGlobalSection
	GlobalSection(ExtensibilityGlobals) = postSolution
		SolutionGuid = {6E2AF779-B11F-4AE9-8DF9-0C9EE6D91DB8}
	EndGlobalSection
EndGlobal
