
Microsoft Visual Studio Solution File, Format Version 12.00
# Visual Studio Version 17
VisualStudioVersion = 17.10.34916.146
MinimumVisualStudioVersion = 10.0.40219.1
Project("{FAE04EC0-301F-11D3-BF4B-00C04F79EFBC}") = "Refactor_ManualSportSequence", "Refactor_ManualSportSequence\Refactor_ManualSportSequence.csproj", "{23A03CB6-35BB-4F0E-A8F7-2729A07AEF1D}"
EndProject
Global
	GlobalSection(SolutionConfigurationPlatforms) = preSolution
		Debug|Any CPU = Debug|Any CPU
		Release|Any CPU = Release|Any CPU
	EndGlobalSection
	GlobalSection(ProjectConfigurationPlatforms) = postSolution
		{23A03CB6-35BB-4F0E-A8F7-2729A07AEF1D}.Debug|Any CPU.ActiveCfg = Debug|Any CPU
		{23A03CB6-35BB-4F0E-A8F7-2729A07AEF1D}.Debug|Any CPU.Build.0 = Debug|Any CPU
		{23A03CB6-35BB-4F0E-A8F7-2729A07AEF1D}.Release|Any CPU.ActiveCfg = Release|Any CPU
		{23A03CB6-35BB-4F0E-A8F7-2729A07AEF1D}.Release|Any CPU.Build.0 = Release|Any CPU
	EndGlobalSection
	GlobalSection(SolutionProperties) = preSolution
		HideSolutionNode = FALSE
	EndGlobalSection
	GlobalSection(ExtensibilityGlobals) = postSolution
		SolutionGuid = {1951B2F6-801A-41F0-AFD3-A15CFF4D1472}
	EndGlobalSection
EndGlobal
