
Microsoft Visual Studio Solution File, Format Version 12.00
# Visual Studio Version 17
VisualStudioVersion = 17.10.34916.146
MinimumVisualStudioVersion = 10.0.40219.1
Project("{FAE04EC0-301F-11D3-BF4B-00C04F79EFBC}") = "ShuffleAndSortCards", "ShuffleAndSortCards\ShuffleAndSortCards.csproj", "{A294F393-036C-4246-A0E5-6F09F1EEEF6C}"
EndProject
Global
	GlobalSection(SolutionConfigurationPlatforms) = preSolution
		Debug|Any CPU = Debug|Any CPU
		Release|Any CPU = Release|Any CPU
	EndGlobalSection
	GlobalSection(ProjectConfigurationPlatforms) = postSolution
		{A294F393-036C-4246-A0E5-6F09F1EEEF6C}.Debug|Any CPU.ActiveCfg = Debug|Any CPU
		{A294F393-036C-4246-A0E5-6F09F1EEEF6C}.Debug|Any CPU.Build.0 = Debug|Any CPU
		{A294F393-036C-4246-A0E5-6F09F1EEEF6C}.Release|Any CPU.ActiveCfg = Release|Any CPU
		{A294F393-036C-4246-A0E5-6F09F1EEEF6C}.Release|Any CPU.Build.0 = Release|Any CPU
	EndGlobalSection
	GlobalSection(SolutionProperties) = preSolution
		HideSolutionNode = FALSE
	EndGlobalSection
	GlobalSection(ExtensibilityGlobals) = postSolution
		SolutionGuid = {042A9BA7-4201-457E-BF77-C1A306649D92}
	EndGlobalSection
EndGlobal
