
Microsoft Visual Studio Solution File, Format Version 12.00
# Visual Studio Version 17
VisualStudioVersion = 17.10.34916.146
MinimumVisualStudioVersion = 10.0.40219.1
Project("{FAE04EC0-301F-11D3-BF4B-00C04F79EFBC}") = "SloppyJoeBlazor", "SloppyJoeBlazor\SloppyJoeBlazor.csproj", "{1B2FFE92-7C39-44B1-8464-FC2BDDAAE358}"
EndProject
Global
	GlobalSection(SolutionConfigurationPlatforms) = preSolution
		Debug|Any CPU = Debug|Any CPU
		Release|Any CPU = Release|Any CPU
	EndGlobalSection
	GlobalSection(ProjectConfigurationPlatforms) = postSolution
		{1B2FFE92-7C39-44B1-8464-FC2BDDAAE358}.Debug|Any CPU.ActiveCfg = Debug|Any CPU
		{1B2FFE92-7C39-44B1-8464-FC2BDDAAE358}.Debug|Any CPU.Build.0 = Debug|Any CPU
		{1B2FFE92-7C39-44B1-8464-FC2BDDAAE358}.Release|Any CPU.ActiveCfg = Release|Any CPU
		{1B2FFE92-7C39-44B1-8464-FC2BDDAAE358}.Release|Any CPU.Build.0 = Release|Any CPU
	EndGlobalSection
	GlobalSection(SolutionProperties) = preSolution
		HideSolutionNode = FALSE
	EndGlobalSection
	GlobalSection(ExtensibilityGlobals) = postSolution
		SolutionGuid = {938F4D46-7507-4E26-949C-29B58C95DBEC}
	EndGlobalSection
EndGlobal
