
Microsoft Visual Studio Solution File, Format Version 12.00
# Visual Studio Version 17
VisualStudioVersion = 17.10.34916.146
MinimumVisualStudioVersion = 10.0.40219.1
Project("{FAE04EC0-301F-11D3-BF4B-00C04F79EFBC}") = "Extension_magnets", "Extension_magnets\Extension_magnets.csproj", "{17751072-9B7B-435F-AC0D-9BEFE8EF1DA6}"
EndProject
Global
	GlobalSection(SolutionConfigurationPlatforms) = preSolution
		Debug|Any CPU = Debug|Any CPU
		Release|Any CPU = Release|Any CPU
	EndGlobalSection
	GlobalSection(ProjectConfigurationPlatforms) = postSolution
		{17751072-9B7B-435F-AC0D-9BEFE8EF1DA6}.Debug|Any CPU.ActiveCfg = Debug|Any CPU
		{17751072-9B7B-435F-AC0D-9BEFE8EF1DA6}.Debug|Any CPU.Build.0 = Debug|Any CPU
		{17751072-9B7B-435F-AC0D-9BEFE8EF1DA6}.Release|Any CPU.ActiveCfg = Release|Any CPU
		{17751072-9B7B-435F-AC0D-9BEFE8EF1DA6}.Release|Any CPU.Build.0 = Release|Any CPU
	EndGlobalSection
	GlobalSection(SolutionProperties) = preSolution
		HideSolutionNode = FALSE
	EndGlobalSection
	GlobalSection(ExtensibilityGlobals) = postSolution
		SolutionGuid = {E2820FE9-E080-485D-A441-D678FFFFDA86}
	EndGlobalSection
EndGlobal
