
Microsoft Visual Studio Solution File, Format Version 12.00
# Visual Studio Version 17
VisualStudioVersion = 17.10.34916.146
MinimumVisualStudioVersion = 10.0.40219.1
Project("{FAE04EC0-301F-11D3-BF4B-00C04F79EFBC}") = "ShoeClosetApp", "ShoeClosetApp\ShoeClosetApp.csproj", "{C3AF2504-4BAC-49B1-A8FE-385C09D87F17}"
EndProject
Global
	GlobalSection(SolutionConfigurationPlatforms) = preSolution
		Debug|Any CPU = Debug|Any CPU
		Release|Any CPU = Release|Any CPU
	EndGlobalSection
	GlobalSection(ProjectConfigurationPlatforms) = postSolution
		{C3AF2504-4BAC-49B1-A8FE-385C09D87F17}.Debug|Any CPU.ActiveCfg = Debug|Any CPU
		{C3AF2504-4BAC-49B1-A8FE-385C09D87F17}.Debug|Any CPU.Build.0 = Debug|Any CPU
		{C3AF2504-4BAC-49B1-A8FE-385C09D87F17}.Release|Any CPU.ActiveCfg = Release|Any CPU
		{C3AF2504-4BAC-49B1-A8FE-385C09D87F17}.Release|Any CPU.Build.0 = Release|Any CPU
	EndGlobalSection
	GlobalSection(SolutionProperties) = preSolution
		HideSolutionNode = FALSE
	EndGlobalSection
	GlobalSection(ExtensibilityGlobals) = postSolution
		SolutionGuid = {8AB0C021-E63D-4866-AEF4-232350E01149}
	EndGlobalSection
EndGlobal
