
Microsoft Visual Studio Solution File, Format Version 12.00
# Visual Studio Version 17
VisualStudioVersion = 17.9.34622.214
MinimumVisualStudioVersion = 10.0.40219.1
Project("{FAE04EC0-301F-11D3-BF4B-00C04F79EFBC}") = "Clown", "Clown\Clown.csproj", "{F6511EC4-A09A-4728-90CF-0E5B01C5025C}"
EndProject
Global
	GlobalSection(SolutionConfigurationPlatforms) = preSolution
		Debug|Any CPU = Debug|Any CPU
		Release|Any CPU = Release|Any CPU
	EndGlobalSection
	GlobalSection(ProjectConfigurationPlatforms) = postSolution
		{F6511EC4-A09A-4728-90CF-0E5B01C5025C}.Debug|Any CPU.ActiveCfg = Debug|Any CPU
		{F6511EC4-A09A-4728-90CF-0E5B01C5025C}.Debug|Any CPU.Build.0 = Debug|Any CPU
		{F6511EC4-A09A-4728-90CF-0E5B01C5025C}.Release|Any CPU.ActiveCfg = Release|Any CPU
		{F6511EC4-A09A-4728-90CF-0E5B01C5025C}.Release|Any CPU.Build.0 = Release|Any CPU
	EndGlobalSection
	GlobalSection(SolutionProperties) = preSolution
		HideSolutionNode = FALSE
	EndGlobalSection
	GlobalSection(ExtensibilityGlobals) = postSolution
		SolutionGuid = {4EAF886C-AF3F-4EE0-900F-2B5362043788}
	EndGlobalSection
EndGlobal
