
Microsoft Visual Studio Solution File, Format Version 12.00
# Visual Studio Version 17
VisualStudioVersion = 17.10.34916.146
MinimumVisualStudioVersion = 10.0.40219.1
Project("{FAE04EC0-301F-11D3-BF4B-00C04F79EFBC}") = "Optional_parameters", "Optional_parameters\Optional_parameters.csproj", "{F99B2584-DD87-43EC-AC0E-0B19D40E0EF6}"
EndProject
Global
	GlobalSection(SolutionConfigurationPlatforms) = preSolution
		Debug|Any CPU = Debug|Any CPU
		Release|Any CPU = Release|Any CPU
	EndGlobalSection
	GlobalSection(ProjectConfigurationPlatforms) = postSolution
		{F99B2584-DD87-43EC-AC0E-0B19D40E0EF6}.Debug|Any CPU.ActiveCfg = Debug|Any CPU
		{F99B2584-DD87-43EC-AC0E-0B19D40E0EF6}.Debug|Any CPU.Build.0 = Debug|Any CPU
		{F99B2584-DD87-43EC-AC0E-0B19D40E0EF6}.Release|Any CPU.ActiveCfg = Release|Any CPU
		{F99B2584-DD87-43EC-AC0E-0B19D40E0EF6}.Release|Any CPU.Build.0 = Release|Any CPU
	EndGlobalSection
	GlobalSection(SolutionProperties) = preSolution
		HideSolutionNode = FALSE
	EndGlobalSection
	GlobalSection(ExtensibilityGlobals) = postSolution
		SolutionGuid = {7A991BA2-36C9-4A81-9215-F2D0759C8384}
	EndGlobalSection
EndGlobal
