
Microsoft Visual Studio Solution File, Format Version 12.00
# Visual Studio Version 17
VisualStudioVersion = 17.10.34916.146
MinimumVisualStudioVersion = 10.0.40219.1
Project("{FAE04EC0-301F-11D3-BF4B-00C04F79EFBC}") = "GridExample", "GridExample\GridExample.csproj", "{CF1FD61A-2072-4D92-A9FB-1166503AE97B}"
EndProject
Global
	GlobalSection(SolutionConfigurationPlatforms) = preSolution
		Debug|Any CPU = Debug|Any CPU
		Release|Any CPU = Release|Any CPU
	EndGlobalSection
	GlobalSection(ProjectConfigurationPlatforms) = postSolution
		{CF1FD61A-2072-4D92-A9FB-1166503AE97B}.Debug|Any CPU.ActiveCfg = Debug|Any CPU
		{CF1FD61A-2072-4D92-A9FB-1166503AE97B}.Debug|Any CPU.Build.0 = Debug|Any CPU
		{CF1FD61A-2072-4D92-A9FB-1166503AE97B}.Debug|Any CPU.Deploy.0 = Debug|Any CPU
		{CF1FD61A-2072-4D92-A9FB-1166503AE97B}.Release|Any CPU.ActiveCfg = Release|Any CPU
		{CF1FD61A-2072-4D92-A9FB-1166503AE97B}.Release|Any CPU.Build.0 = Release|Any CPU
		{CF1FD61A-2072-4D92-A9FB-1166503AE97B}.Release|Any CPU.Deploy.0 = Release|Any CPU
	EndGlobalSection
	GlobalSection(SolutionProperties) = preSolution
		HideSolutionNode = FALSE
	EndGlobalSection
	GlobalSection(ExtensibilityGlobals) = postSolution
		SolutionGuid = {E0D44DAC-C6DE-44E4-849F-4F2866678E41}
	EndGlobalSection
EndGlobal
