
Microsoft Visual Studio Solution File, Format Version 12.00
# Visual Studio Version 17
VisualStudioVersion = 17.9.34622.214
MinimumVisualStudioVersion = 10.0.40219.1
Project("{FAE04EC0-301F-11D3-BF4B-00C04F79EFBC}") = "GridExample", "GridExample\GridExample.csproj", "{AD4A2706-78CD-4F39-9E94-D97C35B63E5A}"
EndProject
Global
	GlobalSection(SolutionConfigurationPlatforms) = preSolution
		Debug|Any CPU = Debug|Any CPU
		Release|Any CPU = Release|Any CPU
	EndGlobalSection
	GlobalSection(ProjectConfigurationPlatforms) = postSolution
		{AD4A2706-78CD-4F39-9E94-D97C35B63E5A}.Debug|Any CPU.ActiveCfg = Debug|Any CPU
		{AD4A2706-78CD-4F39-9E94-D97C35B63E5A}.Debug|Any CPU.Build.0 = Debug|Any CPU
		{AD4A2706-78CD-4F39-9E94-D97C35B63E5A}.Debug|Any CPU.Deploy.0 = Debug|Any CPU
		{AD4A2706-78CD-4F39-9E94-D97C35B63E5A}.Release|Any CPU.ActiveCfg = Release|Any CPU
		{AD4A2706-78CD-4F39-9E94-D97C35B63E5A}.Release|Any CPU.Build.0 = Release|Any CPU
		{AD4A2706-78CD-4F39-9E94-D97C35B63E5A}.Release|Any CPU.Deploy.0 = Release|Any CPU
	EndGlobalSection
	GlobalSection(SolutionProperties) = preSolution
		HideSolutionNode = FALSE
	EndGlobalSection
	GlobalSection(ExtensibilityGlobals) = postSolution
		SolutionGuid = {745AE2FF-AEB9-43FD-9C9B-F6FD88F2BA37}
	EndGlobalSection
EndGlobal
